
Microsoft Visual Studio Solution File, Format Version 12.00
# Visual Studio Version 17
VisualStudioVersion = 17.3.32825.248
MinimumVisualStudioVersion = 10.0.40219.1
Project("{FAE04EC0-301F-11D3-BF4B-00C04F79EFBC}") = "MathArea", "MathArea\MathArea.csproj", "{B596009C-1543-400E-BB63-9392D0B81A8B}"
EndProject
Project("{FAE04EC0-301F-11D3-BF4B-00C04F79EFBC}") = "MathArea.Test", "MathArea.Test\MathArea.Test.csproj", "{4D501C22-DB5F-4AED-9CD3-6A70E15056E7}"
EndProject
Global
	GlobalSection(SolutionConfigurationPlatforms) = preSolution
		Debug|Any CPU = Debug|Any CPU
		Release|Any CPU = Release|Any CPU
	EndGlobalSection
	GlobalSection(ProjectConfigurationPlatforms) = postSolution
		{B596009C-1543-400E-BB63-9392D0B81A8B}.Debug|Any CPU.ActiveCfg = Debug|Any CPU
		{B596009C-1543-400E-BB63-9392D0B81A8B}.Debug|Any CPU.Build.0 = Debug|Any CPU
		{B596009C-1543-400E-BB63-9392D0B81A8B}.Release|Any CPU.ActiveCfg = Release|Any CPU
		{B596009C-1543-400E-BB63-9392D0B81A8B}.Release|Any CPU.Build.0 = Release|Any CPU
		{4D501C22-DB5F-4AED-9CD3-6A70E15056E7}.Debug|Any CPU.ActiveCfg = Debug|Any CPU
		{4D501C22-DB5F-4AED-9CD3-6A70E15056E7}.Debug|Any CPU.Build.0 = Debug|Any CPU
		{4D501C22-DB5F-4AED-9CD3-6A70E15056E7}.Release|Any CPU.ActiveCfg = Release|Any CPU
		{4D501C22-DB5F-4AED-9CD3-6A70E15056E7}.Release|Any CPU.Build.0 = Release|Any CPU
	EndGlobalSection
	GlobalSection(SolutionProperties) = preSolution
		HideSolutionNode = FALSE
	EndGlobalSection
	GlobalSection(ExtensibilityGlobals) = postSolution
		SolutionGuid = {5E1DD198-481D-4D19-8F1A-24BF5C593736}
	EndGlobalSection
EndGlobal
